
Microsoft Visual Studio Solution File, Format Version 12.00
# Visual Studio 15
VisualStudioVersion = 15.0.28307.1022
MinimumVisualStudioVersion = 10.0.40219.1
Project("{FAE04EC0-301F-11D3-BF4B-00C04F79EFBC}") = "05", "05\05.csproj", "{BB447253-AE83-4F0F-AD82-4EC4541958D6}"
EndProject
Global
	GlobalSection(SolutionConfigurationPlatforms) = preSolution
		Debug|Any CPU = Debug|Any CPU
		Release|Any CPU = Release|Any CPU
	EndGlobalSection
	GlobalSection(ProjectConfigurationPlatforms) = postSolution
		{BB447253-AE83-4F0F-AD82-4EC4541958D6}.Debug|Any CPU.ActiveCfg = Debug|Any CPU
		{BB447253-AE83-4F0F-AD82-4EC4541958D6}.Debug|Any CPU.Build.0 = Debug|Any CPU
		{BB447253-AE83-4F0F-AD82-4EC4541958D6}.Release|Any CPU.ActiveCfg = Release|Any CPU
		{BB447253-AE83-4F0F-AD82-4EC4541958D6}.Release|Any CPU.Build.0 = Release|Any CPU
	EndGlobalSection
	GlobalSection(SolutionProperties) = preSolution
		HideSolutionNode = FALSE
	EndGlobalSection
	GlobalSection(ExtensibilityGlobals) = postSolution
		SolutionGuid = {3F44F98C-EFB8-47CA-950C-22B251D815C4}
	EndGlobalSection
EndGlobal
